{
  "name": "pantheon-ethers-examples",
  "version": "0.0.1",
  "lockfileVersion": 1,
  "requires": true,
  "dependencies": {
    "@ethersproject/abi": {
      "version": "5.0.0-beta.134",
      "resolved": "https://registry.npmjs.org/@ethersproject/abi/-/abi-5.0.0-beta.134.tgz",
      "integrity": "sha512-2iauxfzEFZrQJ7qAGnkjadxvUjUdQRttp29iaQ8XFQF+jwpTklM7sVvZwGY4CFsdxYZhknEh/PzVKeG+FEsaSQ==",
      "requires": {
        "@ethersproject/address": ">5.0.0-beta.0",
        "@ethersproject/bignumber": ">5.0.0-beta.0",
        "@ethersproject/bytes": ">5.0.0-beta.0",
        "@ethersproject/constants": ">5.0.0-beta.0",
        "@ethersproject/errors": ">5.0.0-beta.0",
        "@ethersproject/hash": ">5.0.0-beta.0",
        "@ethersproject/keccak256": ">5.0.0-beta.0",
        "@ethersproject/properties": ">5.0.0-beta.0",
        "@ethersproject/strings": ">5.0.0-beta.0"
      }
    },
    "@ethersproject/abstract-provider": {
      "version": "5.0.0-beta.127",
      "resolved": "https://registry.npmjs.org/@ethersproject/abstract-provider/-/abstract-provider-5.0.0-beta.127.tgz",
      "integrity": "sha512-YBqVQ2WmiWvlNAuwrGXYkbHJCxyKsCck8Jm2CP/S+xjLpUo9hR72HsXrbcKp/mDYV2P2S3mm9ySAor5bFQQTLA==",
      "requires": {
        "@ethersproject/bignumber": ">5.0.0-beta.0",
        "@ethersproject/bytes": ">5.0.0-beta.0",
        "@ethersproject/errors": ">5.0.0-beta.0",
        "@ethersproject/networks": ">5.0.0-beta.0",
        "@ethersproject/properties": ">5.0.0-beta.0",
        "@ethersproject/transactions": ">5.0.0-beta.0",
        "@ethersproject/web": ">5.0.0-beta.0"
      }
    },
    "@ethersproject/abstract-signer": {
      "version": "5.0.0-beta.127",
      "resolved": "https://registry.npmjs.org/@ethersproject/abstract-signer/-/abstract-signer-5.0.0-beta.127.tgz",
      "integrity": "sha512-L4Fw3jpKdLBKhp0ABxWwFx+feBQMr2in7BBzj8WVvQequ2R9a2uhVHayVdcnLebLy54KuEVjp/vRiy5wJeM39g==",
      "requires": {
        "@ethersproject/abstract-provider": ">5.0.0-beta.0",
        "@ethersproject/bignumber": ">5.0.0-beta.0",
        "@ethersproject/bytes": ">5.0.0-beta.0",
        "@ethersproject/errors": ">5.0.0-beta.0",
        "@ethersproject/properties": ">5.0.0-beta.0"
      }
    },
    "@ethersproject/address": {
      "version": "5.0.0-beta.125",
      "resolved": "https://registry.npmjs.org/@ethersproject/address/-/address-5.0.0-beta.125.tgz",
      "integrity": "sha512-X742o0xmcpnv9X5pXKdzTmPfFdmMjQ21iu7LT3Hua2vPa/o6Ve0GQI295PhxUh/YoWdyH95FO4dK9KkAtl2r3Q==",
      "requires": {
        "@ethersproject/bignumber": ">5.0.0-beta.0",
        "@ethersproject/bytes": ">5.0.0-beta.0",
        "@ethersproject/errors": ">5.0.0-beta.0",
        "@ethersproject/keccak256": ">5.0.0-beta.0",
        "@ethersproject/rlp": ">5.0.0-beta.0",
        "bn.js": "^4.4.0"
      }
    },
    "@ethersproject/base64": {
      "version": "5.0.0-beta.124",
      "resolved": "https://registry.npmjs.org/@ethersproject/base64/-/base64-5.0.0-beta.124.tgz",
      "integrity": "sha512-O0RzYi1aw9hBZOLV8hQVP4LJO53VYdK1eXAkoKQOR6KXvyVGoqfp42X6ER9PYy3zSNnAG+EZ7eTPJbFdLUSkJg==",
      "requires": {
        "@ethersproject/bytes": ">5.0.0-beta.0"
      }
    },
    "@ethersproject/basex": {
      "version": "5.0.0-beta.125",
      "resolved": "https://registry.npmjs.org/@ethersproject/basex/-/basex-5.0.0-beta.125.tgz",
      "integrity": "sha512-6TpSnnjQUKRBZFFPiA6TVxRCuPliIMcI28DhGIr0yDZ1rJFotKx+10ykVl/6Flnspn2GL3DDRvTZhvgOcegAOA==",
      "requires": {
        "@ethersproject/bytes": ">5.0.0-beta.0",
        "@ethersproject/properties": ">5.0.0-beta.0"
      }
    },
    "@ethersproject/bignumber": {
      "version": "5.0.0-beta.127",
      "resolved": "https://registry.npmjs.org/@ethersproject/bignumber/-/bignumber-5.0.0-beta.127.tgz",
      "integrity": "sha512-nt8lKya8dECXJH6DTQHL0H6HbfKbGCatPLzptAFt53ODgbb1on3Cr//5l4XvCZO6ZWn+DSa38PigY+ntooe8QA==",
      "requires": {
        "@ethersproject/bytes": ">5.0.0-beta.0",
        "@ethersproject/errors": ">5.0.0-beta.0",
        "@ethersproject/properties": ">5.0.0-beta.0",
        "bn.js": "^4.4.0"
      }
    },
    "@ethersproject/bytes": {
      "version": "5.0.0-beta.126",
      "resolved": "https://registry.npmjs.org/@ethersproject/bytes/-/bytes-5.0.0-beta.126.tgz",
      "integrity": "sha512-MWBM1F2uypiDb3ROUJjBRtR0DGYvjAHqlOoaGBsTqq2DgF3swASF6Pfbqj+dS0zpY6XoO3w41e4+RCdjiAr0Jw==",
      "requires": {
        "@ethersproject/errors": ">5.0.0-beta.0"
      }
    },
    "@ethersproject/constants": {
      "version": "5.0.0-beta.126",
      "resolved": "https://registry.npmjs.org/@ethersproject/constants/-/constants-5.0.0-beta.126.tgz",
      "integrity": "sha512-wU1KhoSxxhCESX6JRVks/NAaB/WdIeMmEKDVu4tSsTG/IBogjxQY/jmVRhqKOw7eLvqOf6eTxcQ+11w/kU6HHg==",
      "requires": {
        "@ethersproject/bignumber": ">5.0.0-beta.0"
      }
    },
    "@ethersproject/contracts": {
      "version": "5.0.0-beta.134",
      "resolved": "https://registry.npmjs.org/@ethersproject/contracts/-/contracts-5.0.0-beta.134.tgz",
      "integrity": "sha512-aZmYTAorHUtFTtblDeIbnEAtHRqP+a8qRgnGCYmejH5FPrxmoIeOrattAaXn+mHAPsDDmK10mC4H+ZVEY8XLLg==",
      "requires": {
        "@ethersproject/abi": ">5.0.0-beta.0",
        "@ethersproject/abstract-provider": ">5.0.0-beta.0",
        "@ethersproject/abstract-signer": ">5.0.0-beta.0",
        "@ethersproject/address": ">5.0.0-beta.0",
        "@ethersproject/bignumber": ">5.0.0-beta.0",
        "@ethersproject/bytes": ">5.0.0-beta.0",
        "@ethersproject/constants": ">5.0.0-beta.0",
        "@ethersproject/errors": ">5.0.0-beta.0",
        "@ethersproject/properties": ">5.0.0-beta.0",
        "@ethersproject/transactions": ">5.0.0-beta.0"
      }
    },
    "@ethersproject/errors": {
      "version": "5.0.0-beta.126",
      "resolved": "https://registry.npmjs.org/@ethersproject/errors/-/errors-5.0.0-beta.126.tgz",
      "integrity": "sha512-Rfc+rLaykgKaYgdc/5FuTNqlQNKzm6h9w9HNhkpGT8gE5Dh1xjtWrv8pKdUCbBjy6RCzMeVcmJ8COqLmsxPS6g=="
    },
    "@ethersproject/hash": {
      "version": "5.0.0-beta.125",
      "resolved": "https://registry.npmjs.org/@ethersproject/hash/-/hash-5.0.0-beta.125.tgz",
      "integrity": "sha512-t6ZFEy03C7/y4QZFDx8DhpIq1t1Dxz37xStcBHA+xWiNXV/Eqx7qZy4od4sUWK62v8jBwZSdRK6+om9SHYDV7A==",
      "requires": {
        "@ethersproject/bytes": ">5.0.0-beta.0",
        "@ethersproject/errors": ">5.0.0-beta.0",
        "@ethersproject/keccak256": ">5.0.0-beta.0",
        "@ethersproject/strings": ">5.0.0-beta.0"
      }
    },
    "@ethersproject/hdnode": {
      "version": "5.0.0-beta.127",
      "resolved": "https://registry.npmjs.org/@ethersproject/hdnode/-/hdnode-5.0.0-beta.127.tgz",
      "integrity": "sha512-+LnxdU8OR1/a9HjShlkkE+ZnD+3XCv3uePcvvcNOB7FNXUu0CiOPqaxrkTtIG43o0YMDoaXS69HQiTyRchto3A==",
      "requires": {
        "@ethersproject/abstract-signer": ">5.0.0-beta.0",
        "@ethersproject/basex": ">5.0.0-beta.0",
        "@ethersproject/bignumber": ">5.0.0-beta.0",
        "@ethersproject/bytes": ">5.0.0-beta.0",
        "@ethersproject/errors": ">5.0.0-beta.0",
        "@ethersproject/pbkdf2": ">5.0.0-beta.0",
        "@ethersproject/properties": ">5.0.0-beta.0",
        "@ethersproject/sha2": ">5.0.0-beta.0",
        "@ethersproject/signing-key": ">5.0.0-beta.0",
        "@ethersproject/strings": ">5.0.0-beta.0",
        "@ethersproject/transactions": ">5.0.0-beta.0",
        "@ethersproject/wordlists": ">5.0.0-beta.0"
      }
    },
    "@ethersproject/json-wallets": {
      "version": "5.0.0-beta.125",
      "resolved": "https://registry.npmjs.org/@ethersproject/json-wallets/-/json-wallets-5.0.0-beta.125.tgz",
      "integrity": "sha512-/sPd69GXgOVukOy8oEDIwz/q09gOAHojm3hP7TgaPLiFu7s068nIU9A55TaVFM/D7yrTX2VnWGTTxUU9+Uv/+w==",
      "requires": {
        "@ethersproject/abstract-signer": ">5.0.0-beta.0",
        "@ethersproject/address": ">5.0.0-beta.0",
        "@ethersproject/bytes": ">5.0.0-beta.0",
        "@ethersproject/errors": ">5.0.0-beta.0",
        "@ethersproject/hdnode": ">5.0.0-beta.0",
        "@ethersproject/keccak256": ">5.0.0-beta.0",
        "@ethersproject/pbkdf2": ">5.0.0-beta.0",
        "@ethersproject/properties": ">5.0.0-beta.0",
        "@ethersproject/random": ">5.0.0-beta.0",
        "@ethersproject/strings": ">5.0.0-beta.0",
        "@ethersproject/transactions": ">5.0.0-beta.0",
        "aes-js": "3.0.0",
        "scrypt-js": "2.0.4",
        "uuid": "2.0.1"
      }
    },
    "@ethersproject/keccak256": {
      "version": "5.0.0-beta.125",
      "resolved": "https://registry.npmjs.org/@ethersproject/keccak256/-/keccak256-5.0.0-beta.125.tgz",
      "integrity": "sha512-Vzood4ptHvWk64yqE5DMef7qLivEm3qH3S/60l66kWSAMmf5ISuSxeO+8Ss3o+p86zEGIhyipjpenb2LD6+/xA==",
      "requires": {
        "@ethersproject/bytes": ">5.0.0-beta.0",
        "js-sha3": "0.5.7"
      }
    },
    "@ethersproject/networks": {
      "version": "5.0.0-beta.125",
      "resolved": "https://registry.npmjs.org/@ethersproject/networks/-/networks-5.0.0-beta.125.tgz",
      "integrity": "sha512-2uBtfSWsU5g8kCV4UdLBnt6V4pKrDLjcSAnHZc5bD1nnQzTms68y4FlZhTd/b9QaEtKNIUvNx/JDkpxV0cFgGg==",
      "requires": {
        "@ethersproject/errors": ">5.0.0-beta.0"
      }
    },
    "@ethersproject/pbkdf2": {
      "version": "5.0.0-beta.125",
      "resolved": "https://registry.npmjs.org/@ethersproject/pbkdf2/-/pbkdf2-5.0.0-beta.125.tgz",
      "integrity": "sha512-voITdVuopBHrI4ik/EQFqDOmfTt0ZkySB4JqHO3xR3T2CNdFee+sb5+76Dhq2bUtP6qQUfgButaxzjM2iW+mbA==",
      "requires": {
        "@ethersproject/bytes": ">5.0.0-beta.0",
        "@ethersproject/sha2": ">5.0.0-beta.0"
      }
    },
    "@ethersproject/properties": {
      "version": "5.0.0-beta.128",
      "resolved": "https://registry.npmjs.org/@ethersproject/properties/-/properties-5.0.0-beta.128.tgz",
      "integrity": "sha512-4ABgX2WmpQLlmbyR6EwxoT5YTRYxV6fGRtK+1nt48dvG2Y8FSkg33JvCfei3w432RjEEHEN5IOmTf+nTr9n6VA==",
      "requires": {
        "@ethersproject/errors": ">5.0.0-beta.0"
      }
    },
    "@ethersproject/providers": {
      "version": "5.0.0-beta.136",
      "resolved": "https://registry.npmjs.org/@ethersproject/providers/-/providers-5.0.0-beta.136.tgz",
      "integrity": "sha512-Xv7bcpEmeTaOY5XgjMRtkHZza6gUYHw7TwXTAXPyN5aDUxwm2dp+aemOovFGAA1qIdl2OfF44ThT+Ehki96q0Q==",
      "requires": {
        "@ethersproject/abstract-provider": ">5.0.0-beta.0",
        "@ethersproject/abstract-signer": ">5.0.0-beta.0",
        "@ethersproject/address": ">5.0.0-beta.0",
        "@ethersproject/bignumber": ">5.0.0-beta.0",
        "@ethersproject/bytes": ">5.0.0-beta.0",
        "@ethersproject/constants": ">5.0.0-beta.0",
        "@ethersproject/errors": ">5.0.0-beta.0",
        "@ethersproject/hash": ">5.0.0-beta.0",
        "@ethersproject/networks": ">5.0.0-beta.0",
        "@ethersproject/properties": ">5.0.0-beta.0",
        "@ethersproject/random": ">5.0.0-beta.0",
        "@ethersproject/rlp": ">5.0.0-beta.0",
        "@ethersproject/strings": ">5.0.0-beta.0",
        "@ethersproject/transactions": ">5.0.0-beta.0",
        "@ethersproject/web": ">5.0.0-beta.0"
      }
    },
    "@ethersproject/random": {
      "version": "5.0.0-beta.125",
      "resolved": "https://registry.npmjs.org/@ethersproject/random/-/random-5.0.0-beta.125.tgz",
      "integrity": "sha512-FpUdXLmFgNLm1Ne6zMaKAJ/ULDZaDN8ybSPmUPVyvOK9AjysuwwcS5CVZsZ9nbzN09vRktNBufDuj0Aq3Ii6TQ==",
      "requires": {
        "@ethersproject/bytes": ">5.0.0-beta.0",
        "@ethersproject/errors": ">5.0.0-beta.0"
      }
    },
    "@ethersproject/rlp": {
      "version": "5.0.0-beta.124",
      "resolved": "https://registry.npmjs.org/@ethersproject/rlp/-/rlp-5.0.0-beta.124.tgz",
      "integrity": "sha512-XRjIyOflY6VzSy62iBplESUWgRVJh9ImUwxILpMXLRxtTa7IGtu2Poe1L+O8LEm6gXvTOFd1uzrk/mXnkBoyHQ==",
      "requires": {
        "@ethersproject/bytes": ">5.0.0-beta.0"
      }
    },
    "@ethersproject/sha2": {
      "version": "5.0.0-beta.125",
      "resolved": "https://registry.npmjs.org/@ethersproject/sha2/-/sha2-5.0.0-beta.125.tgz",
      "integrity": "sha512-rooNzHNDBdZ8v6ECEAxiK3z/nsemO7O+aaEJVZwfIwdi65x7RMytA6afBYoMDQbpV2S8MgQKjYAx/0nyeiRnzg==",
      "requires": {
        "@ethersproject/bytes": ">5.0.0-beta.0",
        "@ethersproject/errors": ">5.0.0-beta.0",
        "hash.js": "1.1.3"
      },
      "dependencies": {
        "hash.js": {
          "version": "1.1.3",
          "resolved": "https://registry.npmjs.org/hash.js/-/hash.js-1.1.3.tgz",
          "integrity": "sha512-/UETyP0W22QILqS+6HowevwhEFJ3MBJnwTf75Qob9Wz9t0DPuisL8kW8YZMK62dHAKE1c1p+gY1TtOLY+USEHA==",
          "requires": {
            "inherits": "^2.0.3",
            "minimalistic-assert": "^1.0.0"
          }
        }
      }
    },
    "@ethersproject/signing-key": {
      "version": "5.0.0-beta.126",
      "resolved": "https://registry.npmjs.org/@ethersproject/signing-key/-/signing-key-5.0.0-beta.126.tgz",
      "integrity": "sha512-JTsJDoVENn78Gsx9OC3GJel7L5P7JIG6O4iCJTw8JfroHgAIx8PE9ieBvl5R8feR22nrlZ2ne7DYX54FwZDt5A==",
      "requires": {
        "@ethersproject/bytes": ">5.0.0-beta.0",
        "@ethersproject/errors": ">5.0.0-beta.0",
        "@ethersproject/properties": ">5.0.0-beta.0",
        "elliptic": "6.3.3"
      }
    },
    "@ethersproject/solidity": {
      "version": "5.0.0-beta.124",
      "resolved": "https://registry.npmjs.org/@ethersproject/solidity/-/solidity-5.0.0-beta.124.tgz",
      "integrity": "sha512-syB8DActUfF/gME5yUQE+jEYKv8wfC9zZt+UHwJN4DtwQjRM/XR5jveUgF4ZS3pO0sT1AsffyCoaxuZZpV54NA==",
      "requires": {
        "@ethersproject/bignumber": ">5.0.0-beta.0",
        "@ethersproject/bytes": ">5.0.0-beta.0",
        "@ethersproject/keccak256": ">5.0.0-beta.0",
        "@ethersproject/sha2": ">5.0.0-beta.0",
        "@ethersproject/strings": ">5.0.0-beta.0"
      }
    },
    "@ethersproject/strings": {
      "version": "5.0.0-beta.127",
      "resolved": "https://registry.npmjs.org/@ethersproject/strings/-/strings-5.0.0-beta.127.tgz",
      "integrity": "sha512-FKQDBKgcX7Bc0J45TIwwT4PTnE1TvtDRka3dAkH1VX4odnj6DzpZ99QdkhX4mBL2J+6/XK+trA7m/HTDx+5YqA==",
      "requires": {
        "@ethersproject/bytes": ">5.0.0-beta.0",
        "@ethersproject/constants": ">5.0.0-beta.0",
        "@ethersproject/errors": ">5.0.0-beta.0"
      }
    },
    "@ethersproject/transactions": {
      "version": "5.0.0-beta.125",
      "resolved": "https://registry.npmjs.org/@ethersproject/transactions/-/transactions-5.0.0-beta.125.tgz",
      "integrity": "sha512-wENNySBWzixWJT3ahBSeuq0GWggcRcBn3PqgrgA/dXpyAwbvngAA4F1RCFcLgOgLdYgGL4i5zEjfma5QmrnYYw==",
      "requires": {
        "@ethersproject/address": ">5.0.0-beta.0",
        "@ethersproject/bignumber": ">5.0.0-beta.0",
        "@ethersproject/bytes": ">5.0.0-beta.0",
        "@ethersproject/constants": ">5.0.0-beta.0",
        "@ethersproject/errors": ">5.0.0-beta.0",
        "@ethersproject/keccak256": ">5.0.0-beta.0",
        "@ethersproject/properties": ">5.0.0-beta.0",
        "@ethersproject/rlp": ">5.0.0-beta.0",
        "@ethersproject/signing-key": ">5.0.0-beta.0"
      }
    },
    "@ethersproject/units": {
      "version": "5.0.0-beta.124",
      "resolved": "https://registry.npmjs.org/@ethersproject/units/-/units-5.0.0-beta.124.tgz",
      "integrity": "sha512-xEOwiq7OjEC6q/gqPCAMuFZiXY24IO6yxRumndEw4zeoWtzsLq7E0xApkSLju1y9l92aPEft1bjl3J+aI08WNA==",
      "requires": {
        "@ethersproject/bignumber": ">5.0.0-beta.0",
        "@ethersproject/constants": ">5.0.0-beta.0",
        "@ethersproject/errors": ">5.0.0-beta.0"
      }
    },
    "@ethersproject/wallet": {
      "version": "5.0.0-beta.127",
      "resolved": "https://registry.npmjs.org/@ethersproject/wallet/-/wallet-5.0.0-beta.127.tgz",
      "integrity": "sha512-/8FPuEUUq7wyW2rUfgR/hXTGyBUPQ0lD37kKjLRzEAjQZ4fY4Zybx82Zhv5hapoXLWqNzo7bF5JXRUpzdY0KhA==",
      "requires": {
        "@ethersproject/abstract-provider": ">5.0.0-beta.0",
        "@ethersproject/abstract-signer": ">5.0.0-beta.0",
        "@ethersproject/address": ">5.0.0-beta.0",
        "@ethersproject/bignumber": ">5.0.0-beta.0",
        "@ethersproject/bytes": ">5.0.0-beta.0",
        "@ethersproject/errors": ">5.0.0-beta.0",
        "@ethersproject/hash": ">5.0.0-beta.0",
        "@ethersproject/hdnode": ">5.0.0-beta.0",
        "@ethersproject/json-wallets": ">5.0.0-beta.0",
        "@ethersproject/keccak256": ">5.0.0-beta.0",
        "@ethersproject/properties": ">5.0.0-beta.0",
        "@ethersproject/random": ">5.0.0-beta.0",
        "@ethersproject/signing-key": ">5.0.0-beta.0",
        "@ethersproject/transactions": ">5.0.0-beta.0",
        "@ethersproject/wordlists": ">5.0.0-beta.0"
      }
    },
    "@ethersproject/web": {
      "version": "5.0.0-beta.126",
      "resolved": "https://registry.npmjs.org/@ethersproject/web/-/web-5.0.0-beta.126.tgz",
      "integrity": "sha512-prOznXFDDXJsxIPdj3BeMxRSoNdQR4mdGXkZ+XB1va0GxLGS5MarUVD0vkKw/rM89pAfmZUxJ+mOU1a3V3cTlw==",
      "requires": {
        "@ethersproject/base64": ">5.0.0-beta.0",
        "@ethersproject/errors": ">5.0.0-beta.0",
        "@ethersproject/properties": ">5.0.0-beta.0",
        "@ethersproject/strings": ">5.0.0-beta.0",
        "cross-fetch": "3.0.4"
      }
    },
    "@ethersproject/wordlists": {
      "version": "5.0.0-beta.125",
      "resolved": "https://registry.npmjs.org/@ethersproject/wordlists/-/wordlists-5.0.0-beta.125.tgz",
      "integrity": "sha512-Fg7/DZmwQIk9hjWm04aXQ6gwJL96eK5Nqp4YSruE145s1FFmfA/o5Q7SSMAY0xs4AuXFukhRB19LXqRkj/pncA==",
      "requires": {
        "@ethersproject/bytes": ">5.0.0-beta.0",
        "@ethersproject/errors": ">5.0.0-beta.0",
        "@ethersproject/hash": ">5.0.0-beta.0",
        "@ethersproject/properties": ">5.0.0-beta.0",
        "@ethersproject/strings": ">5.0.0-beta.0"
      }
    },
    "aes-js": {
      "version": "3.0.0",
      "resolved": "https://registry.npmjs.org/aes-js/-/aes-js-3.0.0.tgz",
      "integrity": "sha1-4h3xCtbCBTKVvLuNq0Cwnb6ofk0="
    },
    "bn.js": {
      "version": "4.11.8",
      "resolved": "https://registry.npmjs.org/bn.js/-/bn.js-4.11.8.tgz",
      "integrity": "sha512-ItfYfPLkWHUjckQCk8xC+LwxgK8NYcXywGigJgSwOP8Y2iyWT4f2vsZnoOXTTbo+o5yXmIUJ4gn5538SO5S3gA=="
    },
    "brorand": {
      "version": "1.1.0",
      "resolved": "https://registry.npmjs.org/brorand/-/brorand-1.1.0.tgz",
      "integrity": "sha1-EsJe/kCkXjwyPrhnWgoM5XsiNx8="
    },
    "cross-fetch": {
      "version": "3.0.4",
      "resolved": "https://registry.npmjs.org/cross-fetch/-/cross-fetch-3.0.4.tgz",
      "integrity": "sha512-MSHgpjQqgbT/94D4CyADeNoYh52zMkCX4pcJvPP5WqPsLFMKjr2TCMg381ox5qI0ii2dPwaLx/00477knXqXVw==",
      "requires": {
        "node-fetch": "2.6.0",
        "whatwg-fetch": "3.0.0"
      }
    },
    "elliptic": {
      "version": "6.3.3",
      "resolved": "https://registry.npmjs.org/elliptic/-/elliptic-6.3.3.tgz",
      "integrity": "sha1-VILZZG1UvLif19mU/J4ulWiHbj8=",
      "requires": {
        "bn.js": "^4.4.0",
        "brorand": "^1.0.1",
        "hash.js": "^1.0.0",
        "inherits": "^2.0.1"
      }
    },
    "ethers": {
      "version": "5.0.0-beta.148",
      "resolved": "https://registry.npmjs.org/ethers/-/ethers-5.0.0-beta.148.tgz",
      "integrity": "sha512-o+3ZmzzbcrJayxN9ffDPE389cdopU23L7HSF/W0TT9XJFL4Uhiaay5UFbRpGuOOvwm7YqKOzoa6h9p/VOlVIhA==",
      "requires": {
        "@ethersproject/abi": ">5.0.0-beta.0",
        "@ethersproject/abstract-provider": ">5.0.0-beta.0",
        "@ethersproject/abstract-signer": ">5.0.0-beta.0",
        "@ethersproject/address": ">5.0.0-beta.0",
        "@ethersproject/base64": ">5.0.0-beta.0",
        "@ethersproject/bignumber": ">5.0.0-beta.0",
        "@ethersproject/bytes": ">5.0.0-beta.0",
        "@ethersproject/constants": ">5.0.0-beta.0",
        "@ethersproject/contracts": ">5.0.0-beta.0",
        "@ethersproject/errors": ">5.0.0-beta.0",
        "@ethersproject/hash": ">5.0.0-beta.0",
        "@ethersproject/hdnode": ">5.0.0-beta.0",
        "@ethersproject/json-wallets": ">5.0.0-beta.0",
        "@ethersproject/keccak256": ">5.0.0-beta.0",
        "@ethersproject/networks": ">5.0.0-beta.0",
        "@ethersproject/pbkdf2": ">5.0.0-beta.0",
        "@ethersproject/properties": ">5.0.0-beta.0",
        "@ethersproject/providers": ">5.0.0-beta.0",
        "@ethersproject/random": ">5.0.0-beta.0",
        "@ethersproject/rlp": ">5.0.0-beta.0",
        "@ethersproject/sha2": ">5.0.0-beta.0",
        "@ethersproject/signing-key": ">5.0.0-beta.0",
        "@ethersproject/solidity": ">5.0.0-beta.0",
        "@ethersproject/strings": ">5.0.0-beta.0",
        "@ethersproject/transactions": ">5.0.0-beta.0",
        "@ethersproject/units": ">5.0.0-beta.0",
        "@ethersproject/wallet": ">5.0.0-beta.0",
        "@ethersproject/web": ">5.0.0-beta.0",
        "@ethersproject/wordlists": ">5.0.0-beta.0"
      }
    },
    "hash.js": {
      "version": "1.1.7",
      "resolved": "https://registry.npmjs.org/hash.js/-/hash.js-1.1.7.tgz",
      "integrity": "sha512-taOaskGt4z4SOANNseOviYDvjEJinIkRgmp7LbKP2YTTmVxWBl87s/uzK9r+44BclBSp2X7K1hqeNfz9JbBeXA==",
      "requires": {
        "inherits": "^2.0.3",
        "minimalistic-assert": "^1.0.1"
      }
    },
    "inherits": {
      "version": "2.0.4",
      "resolved": "https://registry.npmjs.org/inherits/-/inherits-2.0.4.tgz",
      "integrity": "sha512-k/vGaX4/Yla3WzyMCvTQOXYeIHvqOKtnqBduzTHpzpQZzAskKMhZ2K+EnBiSM9zGSoIFeMpXKxa4dYeZIQqewQ=="
    },
    "js-sha3": {
      "version": "0.5.7",
      "resolved": "https://registry.npmjs.org/js-sha3/-/js-sha3-0.5.7.tgz",
      "integrity": "sha1-DU/9gALVMzqrr0oj7tL2N0yfKOc="
    },
    "minimalistic-assert": {
      "version": "1.0.1",
      "resolved": "https://registry.npmjs.org/minimalistic-assert/-/minimalistic-assert-1.0.1.tgz",
      "integrity": "sha512-UtJcAD4yEaGtjPezWuO9wC4nwUnVH/8/Im3yEHQP4b67cXlD/Qr9hdITCU1xDbSEXg2XKNaP8jsReV7vQd00/A=="
    },
    "node-fetch": {
      "version": "2.6.0",
      "resolved": "https://registry.npmjs.org/node-fetch/-/node-fetch-2.6.0.tgz",
      "integrity": "sha512-8dG4H5ujfvFiqDmVu9fQ5bOHUC15JMjMY/Zumv26oOvvVJjM67KF8koCWIabKQ1GJIa9r2mMZscBq/TbdOcmNA=="
    },
    "pantheon-ethers": {
      "version": "github:naddison36/pantheon-ethers#84bc2cc5d61f226b50f7c5465174cc90a63b0377",
      "from": "github:naddison36/pantheon-ethers",
      "requires": {
        "ethers": "^5.0.0-beta.148"
      }
    },
    "scrypt-js": {
      "version": "2.0.4",
      "resolved": "https://registry.npmjs.org/scrypt-js/-/scrypt-js-2.0.4.tgz",
      "integrity": "sha512-4KsaGcPnuhtCZQCxFxN3GVYIhKFPTdLd8PLC552XwbMndtD0cjRFAhDuuydXQ0h08ZfPgzqe6EKHozpuH74iDw=="
    },
    "uuid": {
      "version": "2.0.1",
      "resolved": "https://registry.npmjs.org/uuid/-/uuid-2.0.1.tgz",
      "integrity": "sha1-wqMN7bPlNdcsz4LjQ5QaULqFM6w="
    },
    "whatwg-fetch": {
      "version": "3.0.0",
      "resolved": "https://registry.npmjs.org/whatwg-fetch/-/whatwg-fetch-3.0.0.tgz",
      "integrity": "sha512-9GSJUgz1D4MfyKU7KRqwOjXCXTqWdFNvEr7eUBYchQiVc744mqK/MzXPNR2WsPkmkOa4ywfg8C2n8h+13Bey1Q=="
    }
  }
}
